
Microsoft Visual Studio Solution File, Format Version 12.00
# Visual Studio Version 17
VisualStudioVersion = 17.5.33530.505
MinimumVisualStudioVersion = 10.0.40219.1
Project("{FAE04EC0-301F-11D3-BF4B-00C04F79EFBC}") = "JokesWebApp", "JokesWebApp\JokesWebApp.csproj", "{E04CE959-CE04-4771-A357-67F98C84A1F9}"
EndProject
Global
	GlobalSection(SolutionConfigurationPlatforms) = preSolution
		Debug|Any CPU = Debug|Any CPU
		Release|Any CPU = Release|Any CPU
	EndGlobalSection
	GlobalSection(ProjectConfigurationPlatforms) = postSolution
		{E04CE959-CE04-4771-A357-67F98C84A1F9}.Debug|Any CPU.ActiveCfg = Debug|Any CPU
		{E04CE959-CE04-4771-A357-67F98C84A1F9}.Debug|Any CPU.Build.0 = Debug|Any CPU
		{E04CE959-CE04-4771-A357-67F98C84A1F9}.Release|Any CPU.ActiveCfg = Release|Any CPU
		{E04CE959-CE04-4771-A357-67F98C84A1F9}.Release|Any CPU.Build.0 = Release|Any CPU
	EndGlobalSection
	GlobalSection(SolutionProperties) = preSolution
		HideSolutionNode = FALSE
	EndGlobalSection
	GlobalSection(ExtensibilityGlobals) = postSolution
		SolutionGuid = {962315BA-1EAB-4B2D-87EC-D070348E1656}
	EndGlobalSection
EndGlobal
